
Microsoft Visual Studio Solution File, Format Version 12.00
# Visual Studio 15
VisualStudioVersion = 15.0.28010.2019
MinimumVisualStudioVersion = 10.0.40219.1
Project("{FAE04EC0-301F-11D3-BF4B-00C04F79EFBC}") = "atm2", "atm2\atm2.csproj", "{FD16C845-2B5C-4A16-8BBC-5942AF16769D}"
EndProject
Global
	GlobalSection(SolutionConfigurationPlatforms) = preSolution
		Debug|Any CPU = Debug|Any CPU
		Release|Any CPU = Release|Any CPU
	EndGlobalSection
	GlobalSection(ProjectConfigurationPlatforms) = postSolution
		{FD16C845-2B5C-4A16-8BBC-5942AF16769D}.Debug|Any CPU.ActiveCfg = Debug|Any CPU
		{FD16C845-2B5C-4A16-8BBC-5942AF16769D}.Debug|Any CPU.Build.0 = Debug|Any CPU
		{FD16C845-2B5C-4A16-8BBC-5942AF16769D}.Release|Any CPU.ActiveCfg = Release|Any CPU
		{FD16C845-2B5C-4A16-8BBC-5942AF16769D}.Release|Any CPU.Build.0 = Release|Any CPU
	EndGlobalSection
	GlobalSection(SolutionProperties) = preSolution
		HideSolutionNode = FALSE
	EndGlobalSection
	GlobalSection(ExtensibilityGlobals) = postSolution
		SolutionGuid = {0A817377-B203-46C2-8592-B6102472269A}
	EndGlobalSection
EndGlobal
